// !$*UTF8*$!
{
	archiveVersion = 1;
	classes = {
	};
	objectVersion = 46;
	objects = {

/* Begin PBXBuildFile section */
		AE54FB0B1D5762400008FC03 /* main.m in Sources */ = {isa = PBXBuildFile; fileRef = AE54FB0A1D5762400008FC03 /* main.m */; };
		AE54FB0E1D5762400008FC03 /* AppDelegate.m in Sources */ = {isa = PBXBuildFile; fileRef = AE54FB0D1D5762400008FC03 /* AppDelegate.m */; };
		AE54FB111D5762400008FC03 /* ViewController.m in Sources */ = {isa = PBXBuildFile; fileRef = AE54FB101D5762400008FC03 /* ViewController.m */; };
		AE54FB141D5762400008FC03 /* Main.storyboard in Resources */ = {isa = PBXBuildFile; fileRef = AE54FB121D5762400008FC03 /* Main.storyboard */; };
		AE54FB161D5762400008FC03 /* Assets.xcassets in Resources */ = {isa = PBXBuildFile; fileRef = AE54FB151D5762400008FC03 /* Assets.xcassets */; };
		AE54FB191D5762400008FC03 /* LaunchScreen.storyboard in Resources */ = {isa = PBXBuildFile; fileRef = AE54FB171D5762400008FC03 /* LaunchScreen.storyboard */; };
		AE54FB241D5762400008FC03 /* MJShareViewTests.m in Sources */ = {isa = PBXBuildFile; fileRef = AE54FB231D5762400008FC03 /* MJShareViewTests.m */; };
		AE54FB2F1D5762410008FC03 /* MJShareViewUITests.m in Sources */ = {isa = PBXBuildFile; fileRef = AE54FB2E1D5762410008FC03 /* MJShareViewUITests.m */; };
/* End PBXBuildFile section */

/* Begin PBXContainerItemProxy section */
		AE54FB201D5762400008FC03 /* PBXContainerItemProxy */ = {
			isa = PBXContainerItemProxy;
			containerPortal = AE54FAFE1D5762400008FC03 /* Project object */;
			proxyType = 1;
			remoteGlobalIDString = AE54FB051D5762400008FC03;
			remoteInfo = MJShareView;
		};
		AE54FB2B1D5762410008FC03 /* PBXContainerItemProxy */ = {
			isa = PBXContainerItemProxy;
			containerPortal = AE54FAFE1D5762400008FC03 /* Project object */;
			proxyType = 1;
			remoteGlobalIDString = AE54FB051D5762400008FC03;
			remoteInfo = MJShareView;
		};
/* End PBXContainerItemProxy section */

/* Begin PBXFileReference section */
		AE54FB061D5762400008FC03 /* MJShareView.app */ = {isa = PBXFileReference; explicitFileType = wrapper.application; includeInIndex = 0; path = MJShareView.app; sourceTree = BUILT_PRODUCTS_DIR; };
		AE54FB0A1D5762400008FC03 /* main.m */ = {isa = PBXFileReference; lastKnownFileType = sourcecode.c.objc; path = main.m; sourceTree = "<group>"; };
		AE54FB0C1D5762400008FC03 /* AppDelegate.h */ = {isa = PBXFileReference; lastKnownFileType = sourcecode.c.h; path = AppDelegate.h; sourceTree = "<group>"; };
		AE54FB0D1D5762400008FC03 /* AppDelegate.m */ = {isa = PBXFileReference; lastKnownFileType = sourcecode.c.objc; path = AppDelegate.m; sourceTree = "<group>"; };
		AE54FB0F1D5762400008FC03 /* ViewController.h */ = {isa = PBXFileReference; lastKnownFileType = sourcecode.c.h; path = ViewController.h; sourceTree = "<group>"; };
		AE54FB101D5762400008FC03 /* ViewController.m */ = {isa = PBXFileReference; lastKnownFileType = sourcecode.c.objc; path = ViewController.m; sourceTree = "<group>"; };
		AE54FB131D5762400008FC03 /* Base */ = {isa = PBXFileReference; lastKnownFileType = file.storyboard; name = Base; path = Base.lproj/Main.storyboard; sourceTree = "<group>"; };
		AE54FB151D5762400008FC03 /* Assets.xcassets */ = {isa = PBXFileReference; lastKnownFileType = folder.assetcatalog; path = Assets.xcassets; sourceTree = "<group>"; };
		AE54FB181D5762400008FC03 /* Base */ = {isa = PBXFileReference; lastKnownFileType = file.storyboard; name = Base; path = Base.lproj/LaunchScreen.storyboard; sourceTree = "<group>"; };
		AE54FB1A1D5762400008FC03 /* Info.plist */ = {isa = PBXFileReference; lastKnownFileType = text.plist.xml; path = Info.plist; sourceTree = "<group>"; };
		AE54FB1F1D5762400008FC03 /* MJShareViewTests.xctest */ = {isa = PBXFileReference; explicitFileType = wrapper.cfbundle; includeInIndex = 0; path = MJShareViewTests.xctest; sourceTree = BUILT_PRODUCTS_DIR; };
		AE54FB231D5762400008FC03 /* MJShareViewTests.m */ = {isa = PBXFileReference; lastKnownFileType = sourcecode.c.objc; path = MJShareViewTests.m; sourceTree = "<group>"; };
		AE54FB251D5762400008FC03 /* Info.plist */ = {isa = PBXFileReference; lastKnownFileType = text.plist.xml; path = Info.plist; sourceTree = "<group>"; };
		AE54FB2A1D5762410008FC03 /* MJShareViewUITests.xctest */ = {isa = PBXFileReference; explicitFileType = wrapper.cfbundle; includeInIndex = 0; path = MJShareViewUITests.xctest; sourceTree = BUILT_PRODUCTS_DIR; };
		AE54FB2E1D5762410008FC03 /* MJShareViewUITests.m */ = {isa = PBXFileReference; lastKnownFileType = sourcecode.c.objc; path = MJShareViewUITests.m; sourceTree = "<group>"; };
		AE54FB301D5762410008FC03 /* Info.plist */ = {isa = PBXFileReference; lastKnownFileType = text.plist.xml; path = Info.plist; sourceTree = "<group>"; };
/* End PBXFileReference section */

/* Begin PBXFrameworksBuildPhase section */
		AE54FB031D5762400008FC03 /* Frameworks */ = {
			isa = PBXFrameworksBuildPhase;
			buildActionMask = 2147483647;
			files = (
			);
			runOnlyForDeploymentPostprocessing = 0;
		};
		AE54FB1C1D5762400008FC03 /* Frameworks */ = {
			isa = PBXFrameworksBuildPhase;
			buildActionMask = 2147483647;
			files = (
			);
			runOnlyForDeploymentPostprocessing = 0;
		};
		AE54FB271D5762400008FC03 /* Frameworks */ = {
			isa = PBXFrameworksBuildPhase;
			buildActionMask = 2147483647;
			files = (
			);
			runOnlyForDeploymentPostprocessing = 0;
		};
/* End PBXFrameworksBuildPhase section */

/* Begin PBXGroup section */
		AE54FAFD1D5762400008FC03 = {
			isa = PBXGroup;
			children = (
				AE54FB081D5762400008FC03 /* MJShareView */,
				AE54FB221D5762400008FC03 /* MJShareViewTests */,
				AE54FB2D1D5762410008FC03 /* MJShareViewUITests */,
				AE54FB071D5762400008FC03 /* Products */,
			);
			sourceTree = "<group>";
		};
		AE54FB071D5762400008FC03 /* Products */ = {
			isa = PBXGroup;
			children = (
				AE54FB061D5762400008FC03 /* MJShareView.app */,
				AE54FB1F1D5762400008FC03 /* MJShareViewTests.xctest */,
				AE54FB2A1D5762410008FC03 /* MJShareViewUITests.xctest */,
			);
			name = Products;
			sourceTree = "<group>";
		};
		AE54FB081D5762400008FC03 /* MJShareView */ = {
			isa = PBXGroup;
			children = (
				AE54FB0C1D5762400008FC03 /* AppDelegate.h */,
				AE54FB0D1D5762400008FC03 /* AppDelegate.m */,
				AE54FB0F1D5762400008FC03 /* ViewController.h */,
				AE54FB101D5762400008FC03 /* ViewController.m */,
				AE54FB121D5762400008FC03 /* Main.storyboard */,
				AE54FB151D5762400008FC03 /* Assets.xcassets */,
				AE54FB171D5762400008FC03 /* LaunchScreen.storyboard */,
				AE54FB1A1D5762400008FC03 /* Info.plist */,
				AE54FB091D5762400008FC03 /* Supporting Files */,
			);
			path = MJShareView;
			sourceTree = "<group>";
		};
		AE54FB091D5762400008FC03 /* Supporting Files */ = {
			isa = PBXGroup;
			children = (
				AE54FB0A1D5762400008FC03 /* main.m */,
			);
			name = "Supporting Files";
			sourceTree = "<group>";
		};
		AE54FB221D5762400008FC03 /* MJShareViewTests */ = {
			isa = PBXGroup;
			children = (
				AE54FB231D5762400008FC03 /* MJShareViewTests.m */,
				AE54FB251D5762400008FC03 /* Info.plist */,
			);
			path = MJShareViewTests;
			sourceTree = "<group>";
		};
		AE54FB2D1D5762410008FC03 /* MJShareViewUITests */ = {
			isa = PBXGroup;
			children = (
				AE54FB2E1D5762410008FC03 /* MJShareViewUITests.m */,
				AE54FB301D5762410008FC03 /* Info.plist */,
			);
			path = MJShareViewUITests;
			sourceTree = "<group>";
		};
/* End PBXGroup section */

/* Begin PBXNativeTarget section */
		AE54FB051D5762400008FC03 /* MJShareView */ = {
			isa = PBXNativeTarget;
			buildConfigurationList = AE54FB331D5762410008FC03 /* Build configuration list for PBXNativeTarget "MJShareView" */;
			buildPhases = (
				AE54FB021D5762400008FC03 /* Sources */,
				AE54FB031D5762400008FC03 /* Frameworks */,
				AE54FB041D5762400008FC03 /* Resources */,
			);
			buildRules = (
			);
			dependencies = (
			);
			name = MJShareView;
			productName = MJShareView;
			productReference = AE54FB061D5762400008FC03 /* MJShareView.app */;
			productType = "com.apple.product-type.application";
		};
		AE54FB1E1D5762400008FC03 /* MJShareViewTests */ = {
			isa = PBXNativeTarget;
			buildConfigurationList = AE54FB361D5762410008FC03 /* Build configuration list for PBXNativeTarget "MJShareViewTests" */;
			buildPhases = (
				AE54FB1B1D5762400008FC03 /* Sources */,
				AE54FB1C1D5762400008FC03 /* Frameworks */,
				AE54FB1D1D5762400008FC03 /* Resources */,
			);
			buildRules = (
			);
			dependencies = (
				AE54FB211D5762400008FC03 /* PBXTargetDependency */,
			);
			name = MJShareViewTests;
			productName = MJShareViewTests;
			productReference = AE54FB1F1D5762400008FC03 /* MJShareViewTests.xctest */;
			productType = "com.apple.product-type.bundle.unit-test";
		};
		AE54FB291D5762400008FC03 /* MJShareViewUITests */ = {
			isa = PBXNativeTarget;
			buildConfigurationList = AE54FB391D5762410008FC03 /* Build configuration list for PBXNativeTarget "MJShareViewUITests" */;
			buildPhases = (
				AE54FB261D5762400008FC03 /* Sources */,
				AE54FB271D5762400008FC03 /* Frameworks */,
				AE54FB281D5762400008FC03 /* Resources */,
			);
			buildRules = (
			);
			dependencies = (
				AE54FB2C1D5762410008FC03 /* PBXTargetDependency */,
			);
			name = MJShareViewUITests;
			productName = MJShareViewUITests;
			productReference = AE54FB2A1D5762410008FC03 /* MJShareViewUITests.xctest */;
			productType = "com.apple.product-type.bundle.ui-testing";
		};
/* End PBXNativeTarget section */

/* Begin PBXProject section */
		AE54FAFE1D5762400008FC03 /* Project object */ = {
			isa = PBXProject;
			attributes = {
				LastUpgradeCheck = 0730;
				ORGANIZATIONNAME = MInJIng_Lin;
				TargetAttributes = {
					AE54FB051D5762400008FC03 = {
						CreatedOnToolsVersion = 7.3.1;
					};
					AE54FB1E1D5762400008FC03 = {
						CreatedOnToolsVersion = 7.3.1;
						TestTargetID = AE54FB051D5762400008FC03;
					};
					AE54FB291D5762400008FC03 = {
						CreatedOnToolsVersion = 7.3.1;
						TestTargetID = AE54FB051D5762400008FC03;
					};
				};
			};
			buildConfigurationList = AE54FB011D5762400008FC03 /* Build configuration list for PBXProject "MJShareView" */;
			compatibilityVersion = "Xcode 3.2";
			developmentRegion = English;
			hasScannedForEncodings = 0;
			knownRegions = (
				en,
				Base,
			);
			mainGroup = AE54FAFD1D5762400008FC03;
			productRefGroup = AE54FB071D5762400008FC03 /* Products */;
			projectDirPath = "";
			projectRoot = "";
			targets = (
				AE54FB051D5762400008FC03 /* MJShareView */,
				AE54FB1E1D5762400008FC03 /* MJShareViewTests */,
				AE54FB291D5762400008FC03 /* MJShareViewUITests */,
			);
		};
/* End PBXProject section */

/* Begin PBXResourcesBuildPhase section */
		AE54FB041D5762400008FC03 /* Resources */ = {
			isa = PBXResourcesBuildPhase;
			buildActionMask = 2147483647;
			files = (
				AE54FB191D5762400008FC03 /* LaunchScreen.storyboard in Resources */,
				AE54FB161D5762400008FC03 /* Assets.xcassets in Resources */,
				AE54FB141D5762400008FC03 /* Main.storyboard in Resources */,
			);
			runOnlyForDeploymentPostprocessing = 0;
		};
		AE54FB1D1D5762400008FC03 /* Resources */ = {
			isa = PBXResourcesBuildPhase;
			buildActionMask = 2147483647;
			files = (
			);
			runOnlyForDeploymentPostprocessing = 0;
		};
		AE54FB281D5762400008FC03 /* Resources */ = {
			isa = PBXResourcesBuildPhase;
			buildActionMask = 2147483647;
			files = (
			);
			runOnlyForDeploymentPostprocessing = 0;
		};
/* End PBXResourcesBuildPhase section */

/* Begin PBXSourcesBuildPhase section */
		AE54FB021D5762400008FC03 /* Sources */ = {
			isa = PBXSourcesBuildPhase;
			buildActionMask = 2147483647;
			files = (
				AE54FB111D5762400008FC03 /* ViewController.m in Sources */,
				AE54FB0E1D5762400008FC03 /* AppDelegate.m in Sources */,
				AE54FB0B1D5762400008FC03 /* main.m in Sources */,
			);
			runOnlyForDeploymentPostprocessing = 0;
		};
		AE54FB1B1D5762400008FC03 /* Sources */ = {
			isa = PBXSourcesBuildPhase;
			buildActionMask = 2147483647;
			files = (
				AE54FB241D5762400008FC03 /* MJShareViewTests.m in Sources */,
			);
			runOnlyForDeploymentPostprocessing = 0;
		};
		AE54FB261D5762400008FC03 /* Sources */ = {
			isa = PBXSourcesBuildPhase;
			buildActionMask = 2147483647;
			files = (
				AE54FB2F1D5762410008FC03 /* MJShareViewUITests.m in Sources */,
			);
			runOnlyForDeploymentPostprocessing = 0;
		};
/* End PBXSourcesBuildPhase section */

/* Begin PBXTargetDependency section */
		AE54FB211D5762400008FC03 /* PBXTargetDependency */ = {
			isa = PBXTargetDependency;
			target = AE54FB051D5762400008FC03 /* MJShareView */;
			targetProxy = AE54FB201D5762400008FC03 /* PBXContainerItemProxy */;
		};
		AE54FB2C1D5762410008FC03 /* PBXTargetDependency */ = {
			isa = PBXTargetDependency;
			target = AE54FB051D5762400008FC03 /* MJShareView */;
			targetProxy = AE54FB2B1D5762410008FC03 /* PBXContainerItemProxy */;
		};
/* End PBXTargetDependency section */

/* Begin PBXVariantGroup section */
		AE54FB121D5762400008FC03 /* Main.storyboard */ = {
			isa = PBXVariantGroup;
			children = (
				AE54FB131D5762400008FC03 /* Base */,
			);
			name = Main.storyboard;
			sourceTree = "<group>";
		};
		AE54FB171D5762400008FC03 /* LaunchScreen.storyboard */ = {
			isa = PBXVariantGroup;
			children = (
				AE54FB181D5762400008FC03 /* Base */,
			);
			name = LaunchScreen.storyboard;
			sourceTree = "<group>";
		};
/* End PBXVariantGroup section */

/* Begin XCBuildConfiguration section */
		AE54FB311D5762410008FC03 /* Debug */ = {
			isa = XCBuildConfiguration;
			buildSettings = {
				ALWAYS_SEARCH_USER_PATHS = NO;
				CLANG_ANALYZER_NONNULL = YES;
				CLANG_CXX_LANGUAGE_STANDARD = "gnu++0x";
				CLANG_CXX_LIBRARY = "libc++";
				CLANG_ENABLE_MODULES = YES;
				CLANG_ENABLE_OBJC_ARC = YES;
				CLANG_WARN_BOOL_CONVERSION = YES;
				CLANG_WARN_CONSTANT_CONVERSION = YES;
				CLANG_WARN_DIRECT_OBJC_ISA_USAGE = YES_ERROR;
				CLANG_WARN_EMPTY_BODY = YES;
				CLANG_WARN_ENUM_CONVERSION = YES;
				CLANG_WARN_INT_CONVERSION = YES;
				CLANG_WARN_OBJC_ROOT_CLASS = YES_ERROR;
				CLANG_WARN_UNREACHABLE_CODE = YES;
				CLANG_WARN__DUPLICATE_METHOD_MATCH = YES;
				"CODE_SIGN_IDENTITY[sdk=iphoneos*]" = "iPhone Developer";
				COPY_PHASE_STRIP = NO;
				DEBUG_INFORMATION_FORMAT = dwarf;
				ENABLE_STRICT_OBJC_MSGSEND = YES;
				ENABLE_TESTABILITY = YES;
				GCC_C_LANGUAGE_STANDARD = gnu99;
				GCC_DYNAMIC_NO_PIC = NO;
				GCC_NO_COMMON_BLOCKS = YES;
				GCC_OPTIMIZATION_LEVEL = 0;
				GCC_PREPROCESSOR_DEFINITIONS = (
					"DEBUG=1",
					"$(inherited)",
				);
				GCC_WARN_64_TO_32_BIT_CONVERSION = YES;
				GCC_WARN_ABOUT_RETURN_TYPE = YES_ERROR;
				GCC_WARN_UNDECLARED_SELECTOR = YES;
				GCC_WARN_UNINITIALIZED_AUTOS = YES_AGGRESSIVE;
				GCC_WARN_UNUSED_FUNCTION = YES;
				GCC_WARN_UNUSED_VARIABLE = YES;
				IPHONEOS_DEPLOYMENT_TARGET = 9.3;
				MTL_ENABLE_DEBUG_INFO = YES;
				ONLY_ACTIVE_ARCH = YES;
				SDKROOT = iphoneos;
				TARGETED_DEVICE_FAMILY = "1,2";
			};
			name = Debug;
		};
		AE54FB321D5762410008FC03 /* Release */ = {
			isa = XCBuildConfiguration;
			buildSettings = {
				ALWAYS_SEARCH_USER_PATHS = NO;
				CLANG_ANALYZER_NONNULL = YES;
				CLANG_CXX_LANGUAGE_STANDARD = "gnu++0x";
				CLANG_CXX_LIBRARY = "libc++";
				CLANG_ENABLE_MODULES = YES;
				CLANG_ENABLE_OBJC_ARC = YES;
				CLANG_WARN_BOOL_CONVERSION = YES;
				CLANG_WARN_CONSTANT_CONVERSION = YES;
				CLANG_WARN_DIRECT_OBJC_ISA_USAGE = YES_ERROR;
				CLANG_WARN_EMPTY_BODY = YES;
				CLANG_WARN_ENUM_CONVERSION = YES;
				CLANG_WARN_INT_CONVERSION = YES;
				CLANG_WARN_OBJC_ROOT_CLASS = YES_ERROR;
				CLANG_WARN_UNREACHABLE_CODE = YES;
				CLANG_WARN__DUPLICATE_METHOD_MATCH = YES;
				"CODE_SIGN_IDENTITY[sdk=iphoneos*]" = "iPhone Developer";
				COPY_PHASE_STRIP = NO;
				DEBUG_INFORMATION_FORMAT = "dwarf-with-dsym";
				ENABLE_NS_ASSERTIONS = NO;
				ENABLE_STRICT_OBJC_MSGSEND = YES;
				GCC_C_LANGUAGE_STANDARD = gnu99;
				GCC_NO_COMMON_BLOCKS = YES;
				GCC_WARN_64_TO_32_BIT_CONVERSION = YES;
				GCC_WARN_ABOUT_RETURN_TYPE = YES_ERROR;
				GCC_WARN_UNDECLARED_SELECTOR = YES;
				GCC_WARN_UNINITIALIZED_AUTOS = YES_AGGRESSIVE;
				GCC_WARN_UNUSED_FUNCTION = YES;
				GCC_WARN_UNUSED_VARIABLE = YES;
				IPHONEOS_DEPLOYMENT_TARGET = 9.3;
				MTL_ENABLE_DEBUG_INFO = NO;
				SDKROOT = iphoneos;
				TARGETED_DEVICE_FAMILY = "1,2";
				VALIDATE_PRODUCT = YES;
			};
			name = Release;
		};
		AE54FB341D5762410008FC03 /* Debug */ = {
			isa = XCBuildConfiguration;
			buildSettings = {
				ASSETCATALOG_COMPILER_APPICON_NAME = AppIcon;
				INFOPLIST_FILE = MJShareView/Info.plist;
				LD_RUNPATH_SEARCH_PATHS = "$(inherited) @executable_path/Frameworks";
				PRODUCT_BUNDLE_IDENTIFIER = lmj.MJShareView;
				PRODUCT_NAME = "$(TARGET_NAME)";
			};
			name = Debug;
		};
		AE54FB351D5762410008FC03 /* Release */ = {
			isa = XCBuildConfiguration;
			buildSettings = {
				ASSETCATALOG_COMPILER_APPICON_NAME = AppIcon;
				INFOPLIST_FILE = MJShareView/Info.plist;
				LD_RUNPATH_SEARCH_PATHS = "$(inherited) @executable_path/Frameworks";
				PRODUCT_BUNDLE_IDENTIFIER = lmj.MJShareView;
				PRODUCT_NAME = "$(TARGET_NAME)";
			};
			name = Release;
		};
		AE54FB371D5762410008FC03 /* Debug */ = {
			isa = XCBuildConfiguration;
			buildSettings = {
				BUNDLE_LOADER = "$(TEST_HOST)";
				INFOPLIST_FILE = MJShareViewTests/Info.plist;
				LD_RUNPATH_SEARCH_PATHS = "$(inherited) @executable_path/Frameworks @loader_path/Frameworks";
				PRODUCT_BUNDLE_IDENTIFIER = lmj.MJShareViewTests;
				PRODUCT_NAME = "$(TARGET_NAME)";
				TEST_HOST = "$(BUILT_PRODUCTS_DIR)/MJShareView.app/MJShareView";
			};
			name = Debug;
		};
		AE54FB381D5762410008FC03 /* Release */ = {
			isa = XCBuildConfiguration;
			buildSettings = {
				BUNDLE_LOADER = "$(TEST_HOST)";
				INFOPLIST_FILE = MJShareViewTests/Info.plist;
				LD_RUNPATH_SEARCH_PATHS = "$(inherited) @executable_path/Frameworks @loader_path/Frameworks";
				PRODUCT_BUNDLE_IDENTIFIER = lmj.MJShareViewTests;
				PRODUCT_NAME = "$(TARGET_NAME)";
				TEST_HOST = "$(BUILT_PRODUCTS_DIR)/MJShareView.app/MJShareView";
			};
			name = Release;
		};
		AE54FB3A1D5762410008FC03 /* Debug */ = {
			isa = XCBuildConfiguration;
			buildSettings = {
				INFOPLIST_FILE = MJShareViewUITests/Info.plist;
				LD_RUNPATH_SEARCH_PATHS = "$(inherited) @executable_path/Frameworks @loader_path/Frameworks";
				PRODUCT_BUNDLE_IDENTIFIER = lmj.MJShareViewUITests;
				PRODUCT_NAME = "$(TARGET_NAME)";
				TEST_TARGET_NAME = MJShareView;
			};
			name = Debug;
		};
		AE54FB3B1D5762410008FC03 /* Release */ = {
			isa = XCBuildConfiguration;
			buildSettings = {
				INFOPLIST_FILE = MJShareViewUITests/Info.plist;
				LD_RUNPATH_SEARCH_PATHS = "$(inherited) @executable_path/Frameworks @loader_path/Frameworks";
				PRODUCT_BUNDLE_IDENTIFIER = lmj.MJShareViewUITests;
				PRODUCT_NAME = "$(TARGET_NAME)";
				TEST_TARGET_NAME = MJShareView;
			};
			name = Release;
		};
/* End XCBuildConfiguration section */

/* Begin XCConfigurationList section */
		AE54FB011D5762400008FC03 /* Build configuration list for PBXProject "MJShareView" */ = {
			isa = XCConfigurationList;
			buildConfigurations = (
				AE54FB311D5762410008FC03 /* Debug */,
				AE54FB321D5762410008FC03 /* Release */,
			);
			defaultConfigurationIsVisible = 0;
			defaultConfigurationName = Release;
		};
		AE54FB331D5762410008FC03 /* Build configuration list for PBXNativeTarget "MJShareView" */ = {
			isa = XCConfigurationList;
			buildConfigurations = (
				AE54FB341D5762410008FC03 /* Debug */,
				AE54FB351D5762410008FC03 /* Release */,
			);
			defaultConfigurationIsVisible = 0;
		};
		AE54FB361D5762410008FC03 /* Build configuration list for PBXNativeTarget "MJShareViewTests" */ = {
			isa = XCConfigurationList;
			buildConfigurations = (
				AE54FB371D5762410008FC03 /* Debug */,
				AE54FB381D5762410008FC03 /* Release */,
			);
			defaultConfigurationIsVisible = 0;
		};
		AE54FB391D5762410008FC03 /* Build configuration list for PBXNativeTarget "MJShareViewUITests" */ = {
			isa = XCConfigurationList;
			buildConfigurations = (
				AE54FB3A1D5762410008FC03 /* Debug */,
				AE54FB3B1D5762410008FC03 /* Release */,
			);
			defaultConfigurationIsVisible = 0;
		};
/* End XCConfigurationList section */
	};
	rootObject = AE54FAFE1D5762400008FC03 /* Project object */;
}
